version = 1
revision = 3
requires-python = ">=3.14"

[[package]]
name = "polars"
version = "1.43.0"
source = { registry = "https://pypi.org/simple" }
dependencies = [
    { name = "polars-runtime-32" },
]
sdist = { url = "https://files.pythonhosted.org/packages/66/5b/5d0f0aa53c6e9a8ecbc99ff502edcf9584e5d08ab34ea407c086999103d5/polars-1.43.0.tar.gz", hash = "sha256:bb2c67553e4968c18dfe268a88ff9a5790d5c2e0b7ea7efe97640b9a90438c88", size = 749537, upload-time = "2026-07-21T04:30:25.966Z" }
wheels = [
    { url = "https://files.pythonhosted.org/packages/76/28/a8eac2c1d1b2d2a4ba2eb745921616d863185d94b1afd91cbb07af9ef21a/polars-1.43.0-py3-none-any.whl", hash = "sha256:c49078b14e2d6b8ff5cc5b78b6d9638603ea5dffafb889d9204818822f55b813", size = 846493, upload-time = "2026-07-21T04:29:06.68Z" },
]

[[package]]
name = "polars-runtime-32"
version = "1.43.0"
source = { registry = "https://pypi.org/simple" }
sdist = { url = "https://files.pythonhosted.org/packages/86/96/7e714cad082e9e6aaebb8886fcb1b0220d5c35149d4c8d3466bd7e7d581e/polars_runtime_32-1.43.0.tar.gz", hash = "sha256:5fb47a3a883402e62eab2fde5922f78c531d037aeece3640c15225f39228621e", size = 3090044, upload-time = "2026-07-21T04:30:27.185Z" }
wheels = [
    { url = "https://files.pythonhosted.org/packages/0f/14/9b1f5eb1c5104ba1ceb380a7308ffcd979f3ce1df86e76293062698f2ff1/polars_runtime_32-1.43.0-cp310-abi3-macosx_10_12_x86_64.whl", hash = "sha256:6707193d30a7135bce0424304f76d8145270527444097548e794ad8d26823b70", size = 53059463, upload-time = "2026-07-21T04:29:09.194Z" },
    { url = "https://files.pythonhosted.org/packages/ca/14/73d77d1c0c928eb599d9516d874af0cd2b6225201e1327a6c4857e6776d0/polars_runtime_32-1.43.0-cp310-abi3-macosx_11_0_arm64.whl", hash = "sha256:78ca2f97740b2a6beb36eb112749280b5e08750c60f53c08d2feffebdba9d35a", size = 47499586, upload-time = "2026-07-21T04:29:13.229Z" },
    { url = "https://files.pythonhosted.org/packages/80/b1/98278fa796f93d0975fd3fe1d4ab4031707d4a9f1da44c21c29996b62c73/polars_runtime_32-1.43.0-cp310-abi3-manylinux_2_17_aarch64.manylinux2014_aarch64.whl", hash = "sha256:4ffa99bb2c7ee0a9392ae50b350af0ed17acf0519d15c75fe223021798566174", size = 51326702, upload-time = "2026-07-21T04:29:16.084Z" },
    { url = "https://files.pythonhosted.org/packages/ab/7d/24ae73389aac03296925973c4e2cbe2e4982e859b9fad69eb1a72b9026fa/polars_runtime_32-1.43.0-cp310-abi3-manylinux_2_17_x86_64.manylinux2014_x86_64.whl", hash = "sha256:3ecc8feaf04de5989a29245885921db612ef1ce9065e5cb6ec37495acfa55bba", size = 57266705, upload-time = "2026-07-21T04:29:19.288Z" },
    { url = "https://files.pythonhosted.org/packages/5c/49/2026be1f7b51242ad62e08b20728462558e161fb84b564e5b986f2b38664/polars_runtime_32-1.43.0-cp310-abi3-musllinux_1_2_aarch64.whl", hash = "sha256:01e1471a5ee161a969c7a96991d8e5d20b97a0b7fe075df9c7a01f52a49c5ac2", size = 51484129, upload-time = "2026-07-21T04:29:22.639Z" },
    { url = "https://files.pythonhosted.org/packages/db/e2/047c7695f08a9b18614c0e1ec5e70a754455542a21a6d52955f7f05c6268/polars_runtime_32-1.43.0-cp310-abi3-musllinux_1_2_x86_64.whl", hash = "sha256:9cd8b813afe67d59e87027dedcaf5c6a06fe602472fd74e1a49f4bafea47259c", size = 55169401, upload-time = "2026-07-21T04:29:25.902Z" },
    { url = "https://files.pythonhosted.org/packages/92/dc/bfd2533c487563c7a21ab7d7af3d78f820b0236e14dc5ee63d46188cd275/polars_runtime_32-1.43.0-cp310-abi3-win_amd64.whl", hash = "sha256:41a75fb3cb4cc574eb21801383578f75cfc374597c22322ef457ab7bac8a3301", size = 52541527, upload-time = "2026-07-21T04:29:29.162Z" },
    { url = "https://files.pythonhosted.org/packages/46/d7/5c47f1bf57479d1671669af9c421f9abf4986b2ddaa64c177244ff811de0/polars_runtime_32-1.43.0-cp310-abi3-win_arm64.whl", hash = "sha256:c285e598dd91e08560e519275b8b8108adbafb438d218a175ebe073dbc2027fb", size = 46552281, upload-time = "2026-07-21T04:29:32.224Z" },
]

[[package]]
name = "qualityclean"
version = "0.1.0"
source = { virtual = "." }
dependencies = [
    { name = "polars" },
]

[package.metadata]
requires-dist = [{ name = "polars", specifier = ">=1.43.0" }]
